
Microsoft Visual Studio Solution File, Format Version 12.00
# Visual Studio 15
VisualStudioVersion = 15.0.28307.271
MinimumVisualStudioVersion = 10.0.40219.1
Project("{FAE04EC0-301F-11D3-BF4B-00C04F79EFBC}") = "Scope", "Scope\Scope.csproj", "{DD245476-94E5-4901-A1D6-AD900D29282E}"
EndProject
Global
	GlobalSection(SolutionConfigurationPlatforms) = preSolution
		Debug|Any CPU = Debug|Any CPU
		Release|Any CPU = Release|Any CPU
	EndGlobalSection
	GlobalSection(ProjectConfigurationPlatforms) = postSolution
		{DD245476-94E5-4901-A1D6-AD900D29282E}.Debug|Any CPU.ActiveCfg = Debug|Any CPU
		{DD245476-94E5-4901-A1D6-AD900D29282E}.Debug|Any CPU.Build.0 = Debug|Any CPU
		{DD245476-94E5-4901-A1D6-AD900D29282E}.Release|Any CPU.ActiveCfg = Release|Any CPU
		{DD245476-94E5-4901-A1D6-AD900D29282E}.Release|Any CPU.Build.0 = Release|Any CPU
	EndGlobalSection
	GlobalSection(SolutionProperties) = preSolution
		HideSolutionNode = FALSE
	EndGlobalSection
	GlobalSection(ExtensibilityGlobals) = postSolution
		SolutionGuid = {D2172939-8FDA-42FA-8289-F7283298B17B}
	EndGlobalSection
EndGlobal
